Microsoft Visual Studio Solution File, Format Version 12.00
# Visual Studio 2012
Project("{FAE04EC0-301F-11D3-BF4B-00C04F79EFBC}") = "aws-project", "aws-project.csproj", "{F1D3B820-9753-4DA9-A924-D671C8F9B5E8}"
EndProject
Global
	GlobalSection(SolutionConfigurationPlatforms) = preSolution
	Debug|Any CPU = Debug|Any CPU
	ExportDebug|Any CPU = ExportDebug|Any CPU
	ExportRelease|Any CPU = ExportRelease|Any CPU
	EndGlobalSection
	GlobalSection(ProjectConfigurationPlatforms) = postSolution
		{F1D3B820-9753-4DA9-A924-D671C8F9B5E8}.Debug|Any CPU.ActiveCfg = Debug|Any CPU
		{F1D3B820-9753-4DA9-A924-D671C8F9B5E8}.Debug|Any CPU.Build.0 = Debug|Any CPU
		{F1D3B820-9753-4DA9-A924-D671C8F9B5E8}.ExportDebug|Any CPU.ActiveCfg = ExportDebug|Any CPU
		{F1D3B820-9753-4DA9-A924-D671C8F9B5E8}.ExportDebug|Any CPU.Build.0 = ExportDebug|Any CPU
		{F1D3B820-9753-4DA9-A924-D671C8F9B5E8}.ExportRelease|Any CPU.ActiveCfg = ExportRelease|Any CPU
		{F1D3B820-9753-4DA9-A924-D671C8F9B5E8}.ExportRelease|Any CPU.Build.0 = ExportRelease|Any CPU
	EndGlobalSection
EndGlobal
